<?xml version="1.0" encoding="UTF-8" standalone="yes" ?>
<CodeBlocks_project_file>
	<FileVersion major="1" minor="6" />
	<Project>
		<Option title="WFC" />
		<Option pch_mode="2" />
		<Option compiler="gcc" />
		<Build>
			<Target title="Debug">
				<Option output="bin/Debug/WFC" prefix_auto="1" extension_auto="1" />
				<Option object_output="obj/Debug/" />
				<Option type="1" />
				<Option compiler="gcc" />
				<Compiler>
					<Add option="-g" />
				</Compiler>
			</Target>
			<Target title="Release">
				<Option output="bin/Release/WFC" prefix_auto="1" extension_auto="1" />
				<Option object_output="obj/Release/" />
				<Option type="1" />
				<Option compiler="gcc" />
				<Compiler>
					<Add option="-O2" />
				</Compiler>
				<Linker>
					<Add option="-s" />
				</Linker>
			</Target>
		</Build>
		<Compiler>
			<Add option="-Wall" />
		</Compiler>
		<Unit filename="Color.c">
			<Option compilerVar="CC" />
		</Unit>
		<Unit filename="Color.h" />
		<Unit filename="ColorImage.c">
			<Option compilerVar="CC" />
		</Unit>
		<Unit filename="ColorImage.h" />
		<Unit filename="Grille.c">
			<Option compilerVar="CC" />
		</Unit>
		<Unit filename="Grille.h" />
		<Unit filename="Image.c">
			<Option compilerVar="CC" />
		</Unit>
		<Unit filename="Image.h" />
		<Unit filename="Patterns.c">
			<Option compilerVar="CC" />
		</Unit>
		<Unit filename="Patterns.h" />
		<Unit filename="Utils_wfc.c">
			<Option compilerVar="CC" />
		</Unit>
		<Unit filename="Utils_wfc.h" />
		<Unit filename="main.c">
			<Option compilerVar="CC" />
		</Unit>
		<Unit filename="utils.h" />
		<Extensions />
	</Project>
</CodeBlocks_project_file>
